
Microsoft Visual Studio Solution File, Format Version 12.00
# Visual Studio Version 16
VisualStudioVersion = 16.0.30128.74
MinimumVisualStudioVersion = 10.0.40219.1
Project("{9A19103F-16F7-4668-BE54-9A1E7A4F7556}") = "end.domain", "Week8Project\end.domain.csproj", "{500BEF9D-1F3A-4373-B366-C5CCD99100DF}"
EndProject
Project("{9A19103F-16F7-4668-BE54-9A1E7A4F7556}") = "end.logic", "Week8Project.Core\end.logic.csproj", "{98F8D610-A9D8-4E9E-9000-4F1C58BF3EB4}"
EndProject
Project("{9A19103F-16F7-4668-BE54-9A1E7A4F7556}") = "end.web", "Week8Project.Infrastructure\end.web.csproj", "{8AEF74CD-EF67-4BF1-A139-EC075FCCB885}"
EndProject
Global
	GlobalSection(SolutionConfigurationPlatforms) = preSolution
		Debug|Any CPU = Debug|Any CPU
		Release|Any CPU = Release|Any CPU
	EndGlobalSection
	GlobalSection(ProjectConfigurationPlatforms) = postSolution
		{500BEF9D-1F3A-4373-B366-C5CCD99100DF}.Debug|Any CPU.ActiveCfg = Debug|Any CPU
		{500BEF9D-1F3A-4373-B366-C5CCD99100DF}.Debug|Any CPU.Build.0 = Debug|Any CPU
		{500BEF9D-1F3A-4373-B366-C5CCD99100DF}.Release|Any CPU.ActiveCfg = Release|Any CPU
		{500BEF9D-1F3A-4373-B366-C5CCD99100DF}.Release|Any CPU.Build.0 = Release|Any CPU
		{98F8D610-A9D8-4E9E-9000-4F1C58BF3EB4}.Debug|Any CPU.ActiveCfg = Debug|Any CPU
		{98F8D610-A9D8-4E9E-9000-4F1C58BF3EB4}.Debug|Any CPU.Build.0 = Debug|Any CPU
		{98F8D610-A9D8-4E9E-9000-4F1C58BF3EB4}.Release|Any CPU.ActiveCfg = Release|Any CPU
		{98F8D610-A9D8-4E9E-9000-4F1C58BF3EB4}.Release|Any CPU.Build.0 = Release|Any CPU
		{8AEF74CD-EF67-4BF1-A139-EC075FCCB885}.Debug|Any CPU.ActiveCfg = Debug|Any CPU
		{8AEF74CD-EF67-4BF1-A139-EC075FCCB885}.Debug|Any CPU.Build.0 = Debug|Any CPU
		{8AEF74CD-EF67-4BF1-A139-EC075FCCB885}.Release|Any CPU.ActiveCfg = Release|Any CPU
		{8AEF74CD-EF67-4BF1-A139-EC075FCCB885}.Release|Any CPU.Build.0 = Release|Any CPU
	EndGlobalSection
	GlobalSection(SolutionProperties) = preSolution
		HideSolutionNode = FALSE
	EndGlobalSection
	GlobalSection(ExtensibilityGlobals) = postSolution
		SolutionGuid = {57A1934A-B129-426B-A11A-BE0545380229}
	EndGlobalSection
EndGlobal
